
Microsoft Visual Studio Solution File, Format Version 12.00
# Visual Studio Version 17
VisualStudioVersion = 17.9.34616.47
MinimumVisualStudioVersion = 10.0.40219.1
Project("{FAE04EC0-301F-11D3-BF4B-00C04F79EFBC}") = "Lansoy.RG.DAL", "Lansoy.RG.DAL\Lansoy.RG.DAL.csproj", "{1606B640-A8AA-404A-8C85-E1529C0B658E}"
EndProject
Project("{FAE04EC0-301F-11D3-BF4B-00C04F79EFBC}") = "Lansoy.RG.Cli", "Lansoy.RG.Cli\Lansoy.RG.Cli.csproj", "{D2D4CC84-E926-4454-B786-ACBCC3DE73A7}"
EndProject
Project("{FAE04EC0-301F-11D3-BF4B-00C04F79EFBC}") = "Lansoy.RG.DALTests", "Lansoy.RG.DALTests\Lansoy.RG.DALTests.csproj", "{A3F0C81F-F22E-41A6-8BE5-EF61104800D9}"
EndProject
Global
	GlobalSection(SolutionConfigurationPlatforms) = preSolution
		Debug|Any CPU = Debug|Any CPU
		Release|Any CPU = Release|Any CPU
	EndGlobalSection
	GlobalSection(ProjectConfigurationPlatforms) = postSolution
		{1606B640-A8AA-404A-8C85-E1529C0B658E}.Debug|Any CPU.ActiveCfg = Debug|Any CPU
		{1606B640-A8AA-404A-8C85-E1529C0B658E}.Debug|Any CPU.Build.0 = Debug|Any CPU
		{1606B640-A8AA-404A-8C85-E1529C0B658E}.Release|Any CPU.ActiveCfg = Release|Any CPU
		{1606B640-A8AA-404A-8C85-E1529C0B658E}.Release|Any CPU.Build.0 = Release|Any CPU
		{D2D4CC84-E926-4454-B786-ACBCC3DE73A7}.Debug|Any CPU.ActiveCfg = Debug|Any CPU
		{D2D4CC84-E926-4454-B786-ACBCC3DE73A7}.Debug|Any CPU.Build.0 = Debug|Any CPU
		{D2D4CC84-E926-4454-B786-ACBCC3DE73A7}.Release|Any CPU.ActiveCfg = Release|Any CPU
		{D2D4CC84-E926-4454-B786-ACBCC3DE73A7}.Release|Any CPU.Build.0 = Release|Any CPU
		{A3F0C81F-F22E-41A6-8BE5-EF61104800D9}.Debug|Any CPU.ActiveCfg = Debug|Any CPU
		{A3F0C81F-F22E-41A6-8BE5-EF61104800D9}.Debug|Any CPU.Build.0 = Debug|Any CPU
		{A3F0C81F-F22E-41A6-8BE5-EF61104800D9}.Release|Any CPU.ActiveCfg = Release|Any CPU
		{A3F0C81F-F22E-41A6-8BE5-EF61104800D9}.Release|Any CPU.Build.0 = Release|Any CPU
	EndGlobalSection
	GlobalSection(SolutionProperties) = preSolution
		HideSolutionNode = FALSE
	EndGlobalSection
	GlobalSection(ExtensibilityGlobals) = postSolution
		SolutionGuid = {980D13DD-BD7A-4F2D-BC52-51F6DAD9347D}
	EndGlobalSection
EndGlobal
